// !$*UTF8*$!
{
	archiveVersion = 1;
	classes = {
	};
	objectVersion = 77;
	objects = {

/* Begin PBXBuildFile section */
		FCBAB24F2D97437E007FC275 /* Clerk in Frameworks */ = {isa = PBXBuildFile; productRef = FCBAB24E2D97437E007FC275 /* Clerk */; };
		FCBAB2692D974EE9007FC275 /* FirebaseAnalytics in Frameworks */ = {isa = PBXBuildFile; productRef = FCBAB2682D974EE9007FC275 /* FirebaseAnalytics */; };
		FCBAB26B2D974EE9007FC275 /* FirebaseAnalyticsOnDeviceConversion in Frameworks */ = {isa = PBXBuildFile; productRef = FCBAB26A2D974EE9007FC275 /* FirebaseAnalyticsOnDeviceConversion */; };
		FCBAB26D2D974EE9007FC275 /* FirebaseAnalyticsWithoutAdIdSupport in Frameworks */ = {isa = PBXBuildFile; productRef = FCBAB26C2D974EE9007FC275 /* FirebaseAnalyticsWithoutAdIdSupport */; };
		FCBAB26F2D974EE9007FC275 /* FirebaseAppCheck in Frameworks */ = {isa = PBXBuildFile; productRef = FCBAB26E2D974EE9007FC275 /* FirebaseAppCheck */; };
		FCBAB2712D974EE9007FC275 /* FirebaseAppDistribution-Beta in Frameworks */ = {isa = PBXBuildFile; productRef = FCBAB2702D974EE9007FC275 /* FirebaseAppDistribution-Beta */; };
		FCBAB2732D974EE9007FC275 /* FirebaseAuth in Frameworks */ = {isa = PBXBuildFile; productRef = FCBAB2722D974EE9007FC275 /* FirebaseAuth */; };
		FCBAB2752D974EE9007FC275 /* FirebaseAuthCombine-Community in Frameworks */ = {isa = PBXBuildFile; productRef = FCBAB2742D974EE9007FC275 /* FirebaseAuthCombine-Community */; };
		FCBAB2772D974EE9007FC275 /* FirebaseCore in Frameworks */ = {isa = PBXBuildFile; productRef = FCBAB2762D974EE9007FC275 /* FirebaseCore */; };
		FCBAB2792D974EE9007FC275 /* FirebaseCrashlytics in Frameworks */ = {isa = PBXBuildFile; productRef = FCBAB2782D974EE9007FC275 /* FirebaseCrashlytics */; };
		FCBAB27B2D974EE9007FC275 /* FirebaseDatabase in Frameworks */ = {isa = PBXBuildFile; productRef = FCBAB27A2D974EE9007FC275 /* FirebaseDatabase */; };
		FCBAB27D2D974EE9007FC275 /* FirebaseDynamicLinks in Frameworks */ = {isa = PBXBuildFile; productRef = FCBAB27C2D974EE9007FC275 /* FirebaseDynamicLinks */; };
		FCBAB27F2D974EE9007FC275 /* FirebaseFirestore in Frameworks */ = {isa = PBXBuildFile; productRef = FCBAB27E2D974EE9007FC275 /* FirebaseFirestore */; };
		FCBAB2812D974EE9007FC275 /* FirebaseFirestoreCombine-Community in Frameworks */ = {isa = PBXBuildFile; productRef = FCBAB2802D974EE9007FC275 /* FirebaseFirestoreCombine-Community */; };
		FCBAB2832D974EE9007FC275 /* FirebaseFunctions in Frameworks */ = {isa = PBXBuildFile; productRef = FCBAB2822D974EE9007FC275 /* FirebaseFunctions */; };
		FCBAB2852D974EE9007FC275 /* FirebaseFunctionsCombine-Community in Frameworks */ = {isa = PBXBuildFile; productRef = FCBAB2842D974EE9007FC275 /* FirebaseFunctionsCombine-Community */; };
		FCBAB2872D974EE9007FC275 /* FirebaseInAppMessaging-Beta in Frameworks */ = {isa = PBXBuildFile; productRef = FCBAB2862D974EE9007FC275 /* FirebaseInAppMessaging-Beta */; };
		FCBAB2892D974EE9007FC275 /* FirebaseInstallations in Frameworks */ = {isa = PBXBuildFile; productRef = FCBAB2882D974EE9007FC275 /* FirebaseInstallations */; };
		FCBAB28B2D974EE9007FC275 /* FirebaseMLModelDownloader in Frameworks */ = {isa = PBXBuildFile; productRef = FCBAB28A2D974EE9007FC275 /* FirebaseMLModelDownloader */; };
		FCBAB28D2D974EE9007FC275 /* FirebaseMessaging in Frameworks */ = {isa = PBXBuildFile; productRef = FCBAB28C2D974EE9007FC275 /* FirebaseMessaging */; };
		FCBAB28F2D974EE9007FC275 /* FirebasePerformance in Frameworks */ = {isa = PBXBuildFile; productRef = FCBAB28E2D974EE9007FC275 /* FirebasePerformance */; };
		FCBAB2912D974EE9007FC275 /* FirebaseRemoteConfig in Frameworks */ = {isa = PBXBuildFile; productRef = FCBAB2902D974EE9007FC275 /* FirebaseRemoteConfig */; };
		FCBAB2932D974EE9007FC275 /* FirebaseStorage in Frameworks */ = {isa = PBXBuildFile; productRef = FCBAB2922D974EE9007FC275 /* FirebaseStorage */; };
		FCBAB2952D974EE9007FC275 /* FirebaseStorageCombine-Community in Frameworks */ = {isa = PBXBuildFile; productRef = FCBAB2942D974EE9007FC275 /* FirebaseStorageCombine-Community */; };
		FCBAB2972D974EE9007FC275 /* FirebaseVertexAI in Frameworks */ = {isa = PBXBuildFile; productRef = FCBAB2962D974EE9007FC275 /* FirebaseVertexAI */; };
/* End PBXBuildFile section */

/* Begin PBXContainerItemProxy section */
		FC62214E2D9356CA005093BF /* PBXContainerItemProxy */ = {
			isa = PBXContainerItemProxy;
			containerPortal = FC6221352D9356C9005093BF /* Project object */;
			proxyType = 1;
			remoteGlobalIDString = FC62213C2D9356C9005093BF;
			remoteInfo = MainProject;
		};
		FC6221582D9356CA005093BF /* PBXContainerItemProxy */ = {
			isa = PBXContainerItemProxy;
			containerPortal = FC6221352D9356C9005093BF /* Project object */;
			proxyType = 1;
			remoteGlobalIDString = FC62213C2D9356C9005093BF;
			remoteInfo = MainProject;
		};
/* End PBXContainerItemProxy section */

/* Begin PBXFileReference section */
		FC62213D2D9356C9005093BF /* MainProject.app */ = {isa = PBXFileReference; explicitFileType = wrapper.application; includeInIndex = 0; path = MainProject.app; sourceTree = BUILT_PRODUCTS_DIR; };
		FC62214D2D9356CA005093BF /* MainProjectTests.xctest */ = {isa = PBXFileReference; explicitFileType = wrapper.cfbundle; includeInIndex = 0; path = MainProjectTests.xctest; sourceTree = BUILT_PRODUCTS_DIR; };
		FC6221572D9356CA005093BF /* MainProjectUITests.xctest */ = {isa = PBXFileReference; explicitFileType = wrapper.cfbundle; includeInIndex = 0; path = MainProjectUITests.xctest; sourceTree = BUILT_PRODUCTS_DIR; };
/* End PBXFileReference section */

/* Begin PBXFileSystemSynchronizedRootGroup section */
		FC62213F2D9356C9005093BF /* MainProject */ = {
			isa = PBXFileSystemSynchronizedRootGroup;
			path = MainProject;
			sourceTree = "<group>";
		};
/* End PBXFileSystemSynchronizedRootGroup section */

/* Begin PBXFrameworksBuildPhase section */
		FC62213A2D9356C9005093BF /* Frameworks */ = {
			isa = PBXFrameworksBuildPhase;
			buildActionMask = 2147483647;
			files = (
				FCBAB2692D974EE9007FC275 /* FirebaseAnalytics in Frameworks */,
				FCBAB27F2D974EE9007FC275 /* FirebaseFirestore in Frameworks */,
				FCBAB26B2D974EE9007FC275 /* FirebaseAnalyticsOnDeviceConversion in Frameworks */,
				FCBAB2892D974EE9007FC275 /* FirebaseInstallations in Frameworks */,
				FCBAB24F2D97437E007FC275 /* Clerk in Frameworks */,
				FCBAB26F2D974EE9007FC275 /* FirebaseAppCheck in Frameworks */,
				FCBAB2872D974EE9007FC275 /* FirebaseInAppMessaging-Beta in Frameworks */,
				FCBAB26D2D974EE9007FC275 /* FirebaseAnalyticsWithoutAdIdSupport in Frameworks */,
				FCBAB2732D974EE9007FC275 /* FirebaseAuth in Frameworks */,
				FCBAB2852D974EE9007FC275 /* FirebaseFunctionsCombine-Community in Frameworks */,
				FCBAB2952D974EE9007FC275 /* FirebaseStorageCombine-Community in Frameworks */,
				FCBAB2712D974EE9007FC275 /* FirebaseAppDistribution-Beta in Frameworks */,
				FCBAB2972D974EE9007FC275 /* FirebaseVertexAI in Frameworks */,
				FCBAB2932D974EE9007FC275 /* FirebaseStorage in Frameworks */,
				FCBAB2912D974EE9007FC275 /* FirebaseRemoteConfig in Frameworks */,
				FCBAB2792D974EE9007FC275 /* FirebaseCrashlytics in Frameworks */,
				FCBAB28D2D974EE9007FC275 /* FirebaseMessaging in Frameworks */,
				FCBAB28B2D974EE9007FC275 /* FirebaseMLModelDownloader in Frameworks */,
				FCBAB28F2D974EE9007FC275 /* FirebasePerformance in Frameworks */,
				FCBAB27B2D974EE9007FC275 /* FirebaseDatabase in Frameworks */,
				FCBAB2772D974EE9007FC275 /* FirebaseCore in Frameworks */,
				FCBAB2752D974EE9007FC275 /* FirebaseAuthCombine-Community in Frameworks */,
				FCBAB2832D974EE9007FC275 /* FirebaseFunctions in Frameworks */,
				FCBAB27D2D974EE9007FC275 /* FirebaseDynamicLinks in Frameworks */,
				FCBAB2812D974EE9007FC275 /* FirebaseFirestoreCombine-Community in Frameworks */,
			);
			runOnlyForDeploymentPostprocessing = 0;
		};
		FC62214A2D9356CA005093BF /* Frameworks */ = {
			isa = PBXFrameworksBuildPhase;
			buildActionMask = 2147483647;
			files = (
			);
			runOnlyForDeploymentPostprocessing = 0;
		};
		FC6221542D9356CA005093BF /* Frameworks */ = {
			isa = PBXFrameworksBuildPhase;
			buildActionMask = 2147483647;
			files = (
			);
			runOnlyForDeploymentPostprocessing = 0;
		};
/* End PBXFrameworksBuildPhase section */

/* Begin PBXGroup section */
		FC6221342D9356C9005093BF = {
			isa = PBXGroup;
			children = (
				FC62213F2D9356C9005093BF /* MainProject */,
				FC62213E2D9356C9005093BF /* Products */,
			);
			sourceTree = "<group>";
		};
		FC62213E2D9356C9005093BF /* Products */ = {
			isa = PBXGroup;
			children = (
				FC62213D2D9356C9005093BF /* MainProject.app */,
				FC62214D2D9356CA005093BF /* MainProjectTests.xctest */,
				FC6221572D9356CA005093BF /* MainProjectUITests.xctest */,
			);
			name = Products;
			sourceTree = "<group>";
		};
/* End PBXGroup section */

/* Begin PBXNativeTarget section */
		FC62213C2D9356C9005093BF /* MainProject */ = {
			isa = PBXNativeTarget;
			buildConfigurationList = FC6221612D9356CA005093BF /* Build configuration list for PBXNativeTarget "MainProject" */;
			buildPhases = (
				FC6221392D9356C9005093BF /* Sources */,
				FC62213A2D9356C9005093BF /* Frameworks */,
				FC62213B2D9356C9005093BF /* Resources */,
			);
			buildRules = (
			);
			dependencies = (
			);
			fileSystemSynchronizedGroups = (
				FC62213F2D9356C9005093BF /* MainProject */,
			);
			name = MainProject;
			packageProductDependencies = (
				FCBAB24E2D97437E007FC275 /* Clerk */,
				FCBAB2682D974EE9007FC275 /* FirebaseAnalytics */,
				FCBAB26A2D974EE9007FC275 /* FirebaseAnalyticsOnDeviceConversion */,
				FCBAB26C2D974EE9007FC275 /* FirebaseAnalyticsWithoutAdIdSupport */,
				FCBAB26E2D974EE9007FC275 /* FirebaseAppCheck */,
				FCBAB2702D974EE9007FC275 /* FirebaseAppDistribution-Beta */,
				FCBAB2722D974EE9007FC275 /* FirebaseAuth */,
				FCBAB2742D974EE9007FC275 /* FirebaseAuthCombine-Community */,
				FCBAB2762D974EE9007FC275 /* FirebaseCore */,
				FCBAB2782D974EE9007FC275 /* FirebaseCrashlytics */,
				FCBAB27A2D974EE9007FC275 /* FirebaseDatabase */,
				FCBAB27C2D974EE9007FC275 /* FirebaseDynamicLinks */,
				FCBAB27E2D974EE9007FC275 /* FirebaseFirestore */,
				FCBAB2802D974EE9007FC275 /* FirebaseFirestoreCombine-Community */,
				FCBAB2822D974EE9007FC275 /* FirebaseFunctions */,
				FCBAB2842D974EE9007FC275 /* FirebaseFunctionsCombine-Community */,
				FCBAB2862D974EE9007FC275 /* FirebaseInAppMessaging-Beta */,
				FCBAB2882D974EE9007FC275 /* FirebaseInstallations */,
				FCBAB28A2D974EE9007FC275 /* FirebaseMLModelDownloader */,
				FCBAB28C2D974EE9007FC275 /* FirebaseMessaging */,
				FCBAB28E2D974EE9007FC275 /* FirebasePerformance */,
				FCBAB2902D974EE9007FC275 /* FirebaseRemoteConfig */,
				FCBAB2922D974EE9007FC275 /* FirebaseStorage */,
				FCBAB2942D974EE9007FC275 /* FirebaseStorageCombine-Community */,
				FCBAB2962D974EE9007FC275 /* FirebaseVertexAI */,
			);
			productName = MainProject;
			productReference = FC62213D2D9356C9005093BF /* MainProject.app */;
			productType = "com.apple.product-type.application";
		};
		FC62214C2D9356CA005093BF /* MainProjectTests */ = {
			isa = PBXNativeTarget;
			buildConfigurationList = FC6221642D9356CA005093BF /* Build configuration list for PBXNativeTarget "MainProjectTests" */;
			buildPhases = (
				FC6221492D9356CA005093BF /* Sources */,
				FC62214A2D9356CA005093BF /* Frameworks */,
				FC62214B2D9356CA005093BF /* Resources */,
			);
			buildRules = (
			);
			dependencies = (
				FC62214F2D9356CA005093BF /* PBXTargetDependency */,
			);
			name = MainProjectTests;
			packageProductDependencies = (
			);
			productName = MainProjectTests;
			productReference = FC62214D2D9356CA005093BF /* MainProjectTests.xctest */;
			productType = "com.apple.product-type.bundle.unit-test";
		};
		FC6221562D9356CA005093BF /* MainProjectUITests */ = {
			isa = PBXNativeTarget;
			buildConfigurationList = FC6221672D9356CA005093BF /* Build configuration list for PBXNativeTarget "MainProjectUITests" */;
			buildPhases = (
				FC6221532D9356CA005093BF /* Sources */,
				FC6221542D9356CA005093BF /* Frameworks */,
				FC6221552D9356CA005093BF /* Resources */,
			);
			buildRules = (
			);
			dependencies = (
				FC6221592D9356CA005093BF /* PBXTargetDependency */,
			);
			name = MainProjectUITests;
			packageProductDependencies = (
			);
			productName = MainProjectUITests;
			productReference = FC6221572D9356CA005093BF /* MainProjectUITests.xctest */;
			productType = "com.apple.product-type.bundle.ui-testing";
		};
/* End PBXNativeTarget section */

/* Begin PBXProject section */
		FC6221352D9356C9005093BF /* Project object */ = {
			isa = PBXProject;
			attributes = {
				BuildIndependentTargetsInParallel = 1;
				LastSwiftUpdateCheck = 1620;
				LastUpgradeCheck = 1620;
				TargetAttributes = {
					FC62213C2D9356C9005093BF = {
						CreatedOnToolsVersion = 16.2;
					};
					FC62214C2D9356CA005093BF = {
						CreatedOnToolsVersion = 16.2;
						TestTargetID = FC62213C2D9356C9005093BF;
					};
					FC6221562D9356CA005093BF = {
						CreatedOnToolsVersion = 16.2;
						TestTargetID = FC62213C2D9356C9005093BF;
					};
				};
			};
			buildConfigurationList = FC6221382D9356C9005093BF /* Build configuration list for PBXProject "MainProject" */;
			developmentRegion = en;
			hasScannedForEncodings = 0;
			knownRegions = (
				en,
				Base,
			);
			mainGroup = FC6221342D9356C9005093BF;
			minimizedProjectReferenceProxies = 1;
			packageReferences = (
				FCBAB2462D9741D1007FC275 /* XCRemoteSwiftPackageReference "clerk-ios" */,
				FCBAB2672D974E76007FC275 /* XCRemoteSwiftPackageReference "firebase-ios-sdk" */,
			);
			preferredProjectObjectVersion = 77;
			productRefGroup = FC62213E2D9356C9005093BF /* Products */;
			projectDirPath = "";
			projectRoot = "";
			targets = (
				FC62213C2D9356C9005093BF /* MainProject */,
				FC62214C2D9356CA005093BF /* MainProjectTests */,
				FC6221562D9356CA005093BF /* MainProjectUITests */,
			);
		};
/* End PBXProject section */

/* Begin PBXResourcesBuildPhase section */
		FC62213B2D9356C9005093BF /* Resources */ = {
			isa = PBXResourcesBuildPhase;
			buildActionMask = 2147483647;
			files = (
			);
			runOnlyForDeploymentPostprocessing = 0;
		};
		FC62214B2D9356CA005093BF /* Resources */ = {
			isa = PBXResourcesBuildPhase;
			buildActionMask = 2147483647;
			files = (
			);
			runOnlyForDeploymentPostprocessing = 0;
		};
		FC6221552D9356CA005093BF /* Resources */ = {
			isa = PBXResourcesBuildPhase;
			buildActionMask = 2147483647;
			files = (
			);
			runOnlyForDeploymentPostprocessing = 0;
		};
/* End PBXResourcesBuildPhase section */

/* Begin PBXSourcesBuildPhase section */
		FC6221392D9356C9005093BF /* Sources */ = {
			isa = PBXSourcesBuildPhase;
			buildActionMask = 2147483647;
			files = (
			);
			runOnlyForDeploymentPostprocessing = 0;
		};
		FC6221492D9356CA005093BF /* Sources */ = {
			isa = PBXSourcesBuildPhase;
			buildActionMask = 2147483647;
			files = (
			);
			runOnlyForDeploymentPostprocessing = 0;
		};
		FC6221532D9356CA005093BF /* Sources */ = {
			isa = PBXSourcesBuildPhase;
			buildActionMask = 2147483647;
			files = (
			);
			runOnlyForDeploymentPostprocessing = 0;
		};
/* End PBXSourcesBuildPhase section */

/* Begin PBXTargetDependency section */
		FC62214F2D9356CA005093BF /* PBXTargetDependency */ = {
			isa = PBXTargetDependency;
			target = FC62213C2D9356C9005093BF /* MainProject */;
			targetProxy = FC62214E2D9356CA005093BF /* PBXContainerItemProxy */;
		};
		FC6221592D9356CA005093BF /* PBXTargetDependency */ = {
			isa = PBXTargetDependency;
			target = FC62213C2D9356C9005093BF /* MainProject */;
			targetProxy = FC6221582D9356CA005093BF /* PBXContainerItemProxy */;
		};
/* End PBXTargetDependency section */

/* Begin XCBuildConfiguration section */
		FC62215F2D9356CA005093BF /* Debug */ = {
			isa = XCBuildConfiguration;
			buildSettings = {
				ALWAYS_SEARCH_USER_PATHS = NO;
				ASSETCATALOG_COMPILER_GENERATE_SWIFT_ASSET_SYMBOL_EXTENSIONS = YES;
				CLANG_ANALYZER_NONNULL = YES;
				CLANG_ANALYZER_NUMBER_OBJECT_CONVERSION = YES_AGGRESSIVE;
				CLANG_CXX_LANGUAGE_STANDARD = "gnu++20";
				CLANG_ENABLE_MODULES = YES;
				CLANG_ENABLE_OBJC_ARC = YES;
				CLANG_ENABLE_OBJC_WEAK = YES;
				CLANG_WARN_BLOCK_CAPTURE_AUTORELEASING = YES;
				CLANG_WARN_BOOL_CONVERSION = YES;
				CLANG_WARN_COMMA = YES;
				CLANG_WARN_CONSTANT_CONVERSION = YES;
				CLANG_WARN_DEPRECATED_OBJC_IMPLEMENTATIONS = YES;
				CLANG_WARN_DIRECT_OBJC_ISA_USAGE = YES_ERROR;
				CLANG_WARN_DOCUMENTATION_COMMENTS = YES;
				CLANG_WARN_EMPTY_BODY = YES;
				CLANG_WARN_ENUM_CONVERSION = YES;
				CLANG_WARN_INFINITE_RECURSION = YES;
				CLANG_WARN_INT_CONVERSION = YES;
				CLANG_WARN_NON_LITERAL_NULL_CONVERSION = YES;
				CLANG_WARN_OBJC_IMPLICIT_RETAIN_SELF = YES;
				CLANG_WARN_OBJC_LITERAL_CONVERSION = YES;
				CLANG_WARN_OBJC_ROOT_CLASS = YES_ERROR;
				CLANG_WARN_QUOTED_INCLUDE_IN_FRAMEWORK_HEADER = YES;
				CLANG_WARN_RANGE_LOOP_ANALYSIS = YES;
				CLANG_WARN_STRICT_PROTOTYPES = YES;
				CLANG_WARN_SUSPICIOUS_MOVE = YES;
				CLANG_WARN_UNGUARDED_AVAILABILITY = YES_AGGRESSIVE;
				CLANG_WARN_UNREACHABLE_CODE = YES;
				CLANG_WARN__DUPLICATE_METHOD_MATCH = YES;
				COPY_PHASE_STRIP = NO;
				DEBUG_INFORMATION_FORMAT = dwarf;
				ENABLE_STRICT_OBJC_MSGSEND = YES;
				ENABLE_TESTABILITY = YES;
				ENABLE_USER_SCRIPT_SANDBOXING = YES;
				GCC_C_LANGUAGE_STANDARD = gnu17;
				GCC_DYNAMIC_NO_PIC = NO;
				GCC_NO_COMMON_BLOCKS = YES;
				GCC_OPTIMIZATION_LEVEL = 0;
				GCC_PREPROCESSOR_DEFINITIONS = (
					"DEBUG=1",
					"$(inherited)",
				);
				GCC_WARN_64_TO_32_BIT_CONVERSION = YES;
				GCC_WARN_ABOUT_RETURN_TYPE = YES_ERROR;
				GCC_WARN_UNDECLARED_SELECTOR = YES;
				GCC_WARN_UNINITIALIZED_AUTOS = YES_AGGRESSIVE;
				GCC_WARN_UNUSED_FUNCTION = YES;
				GCC_WARN_UNUSED_VARIABLE = YES;
				IPHONEOS_DEPLOYMENT_TARGET = 18.2;
				LOCALIZATION_PREFERS_STRING_CATALOGS = YES;
				MTL_ENABLE_DEBUG_INFO = INCLUDE_SOURCE;
				MTL_FAST_MATH = YES;
				ONLY_ACTIVE_ARCH = YES;
				SDKROOT = iphoneos;
				SWIFT_ACTIVE_COMPILATION_CONDITIONS = "DEBUG $(inherited)";
				SWIFT_OPTIMIZATION_LEVEL = "-Onone";
			};
			name = Debug;
		};
		FC6221602D9356CA005093BF /* Release */ = {
			isa = XCBuildConfiguration;
			buildSettings = {
				ALWAYS_SEARCH_USER_PATHS = NO;
				ASSETCATALOG_COMPILER_GENERATE_SWIFT_ASSET_SYMBOL_EXTENSIONS = YES;
				CLANG_ANALYZER_NONNULL = YES;
				CLANG_ANALYZER_NUMBER_OBJECT_CONVERSION = YES_AGGRESSIVE;
				CLANG_CXX_LANGUAGE_STANDARD = "gnu++20";
				CLANG_ENABLE_MODULES = YES;
				CLANG_ENABLE_OBJC_ARC = YES;
				CLANG_ENABLE_OBJC_WEAK = YES;
				CLANG_WARN_BLOCK_CAPTURE_AUTORELEASING = YES;
				CLANG_WARN_BOOL_CONVERSION = YES;
				CLANG_WARN_COMMA = YES;
				CLANG_WARN_CONSTANT_CONVERSION = YES;
				CLANG_WARN_DEPRECATED_OBJC_IMPLEMENTATIONS = YES;
				CLANG_WARN_DIRECT_OBJC_ISA_USAGE = YES_ERROR;
				CLANG_WARN_DOCUMENTATION_COMMENTS = YES;
				CLANG_WARN_EMPTY_BODY = YES;
				CLANG_WARN_ENUM_CONVERSION = YES;
				CLANG_WARN_INFINITE_RECURSION = YES;
				CLANG_WARN_INT_CONVERSION = YES;
				CLANG_WARN_NON_LITERAL_NULL_CONVERSION = YES;
				CLANG_WARN_OBJC_IMPLICIT_RETAIN_SELF = YES;
				CLANG_WARN_OBJC_LITERAL_CONVERSION = YES;
				CLANG_WARN_OBJC_ROOT_CLASS = YES_ERROR;
				CLANG_WARN_QUOTED_INCLUDE_IN_FRAMEWORK_HEADER = YES;
				CLANG_WARN_RANGE_LOOP_ANALYSIS = YES;
				CLANG_WARN_STRICT_PROTOTYPES = YES;
				CLANG_WARN_SUSPICIOUS_MOVE = YES;
				CLANG_WARN_UNGUARDED_AVAILABILITY = YES_AGGRESSIVE;
				CLANG_WARN_UNREACHABLE_CODE = YES;
				CLANG_WARN__DUPLICATE_METHOD_MATCH = YES;
				COPY_PHASE_STRIP = NO;
				DEBUG_INFORMATION_FORMAT = "dwarf-with-dsym";
				ENABLE_NS_ASSERTIONS = NO;
				ENABLE_STRICT_OBJC_MSGSEND = YES;
				ENABLE_USER_SCRIPT_SANDBOXING = YES;
				GCC_C_LANGUAGE_STANDARD = gnu17;
				GCC_NO_COMMON_BLOCKS = YES;
				GCC_WARN_64_TO_32_BIT_CONVERSION = YES;
				GCC_WARN_ABOUT_RETURN_TYPE = YES_ERROR;
				GCC_WARN_UNDECLARED_SELECTOR = YES;
				GCC_WARN_UNINITIALIZED_AUTOS = YES_AGGRESSIVE;
				GCC_WARN_UNUSED_FUNCTION = YES;
				GCC_WARN_UNUSED_VARIABLE = YES;
				IPHONEOS_DEPLOYMENT_TARGET = 18.2;
				LOCALIZATION_PREFERS_STRING_CATALOGS = YES;
				MTL_ENABLE_DEBUG_INFO = NO;
				MTL_FAST_MATH = YES;
				SDKROOT = iphoneos;
				SWIFT_COMPILATION_MODE = wholemodule;
				VALIDATE_PRODUCT = YES;
			};
			name = Release;
		};
		FC6221622D9356CA005093BF /* Debug */ = {
			isa = XCBuildConfiguration;
			buildSettings = {
				ASSETCATALOG_COMPILER_APPICON_NAME = AppIcon;
				ASSETCATALOG_COMPILER_GLOBAL_ACCENT_COLOR_NAME = AccentColor;
				CODE_SIGN_STYLE = Automatic;
				CURRENT_PROJECT_VERSION = 1;
				DEVELOPMENT_ASSET_PATHS = "\"MainProject/Preview Content\"";
				ENABLE_PREVIEWS = YES;
				GENERATE_INFOPLIST_FILE = YES;
				INFOPLIST_KEY_UIApplicationSceneManifest_Generation = YES;
				INFOPLIST_KEY_UIApplicationSupportsIndirectInputEvents = YES;
				INFOPLIST_KEY_UILaunchScreen_Generation = YES;
				INFOPLIST_KEY_UISupportedInterfaceOrientations_iPad = "UIInterfaceOrientationPortrait UIInterfaceOrientationPortraitUpsideDown UIInterfaceOrientationLandscapeLeft UIInterfaceOrientationLandscapeRight";
				INFOPLIST_KEY_UISupportedInterfaceOrientations_iPhone = "UIInterfaceOrientationPortrait UIInterfaceOrientationLandscapeLeft UIInterfaceOrientationLandscapeRight";
				LD_RUNPATH_SEARCH_PATHS = (
					"$(inherited)",
					"@executable_path/Frameworks",
				);
				MARKETING_VERSION = 1.0;
				PRODUCT_BUNDLE_IDENTIFIER = edu.asu.MainProject;
				PRODUCT_NAME = "$(TARGET_NAME)";
				SWIFT_EMIT_LOC_STRINGS = YES;
				SWIFT_VERSION = 5.0;
				TARGETED_DEVICE_FAMILY = "1,2";
			};
			name = Debug;
		};
		FC6221632D9356CA005093BF /* Release */ = {
			isa = XCBuildConfiguration;
			buildSettings = {
				ASSETCATALOG_COMPILER_APPICON_NAME = AppIcon;
				ASSETCATALOG_COMPILER_GLOBAL_ACCENT_COLOR_NAME = AccentColor;
				CODE_SIGN_STYLE = Automatic;
				CURRENT_PROJECT_VERSION = 1;
				DEVELOPMENT_ASSET_PATHS = "\"MainProject/Preview Content\"";
				ENABLE_PREVIEWS = YES;
				GENERATE_INFOPLIST_FILE = YES;
				INFOPLIST_KEY_UIApplicationSceneManifest_Generation = YES;
				INFOPLIST_KEY_UIApplicationSupportsIndirectInputEvents = YES;
				INFOPLIST_KEY_UILaunchScreen_Generation = YES;
				INFOPLIST_KEY_UISupportedInterfaceOrientations_iPad = "UIInterfaceOrientationPortrait UIInterfaceOrientationPortraitUpsideDown UIInterfaceOrientationLandscapeLeft UIInterfaceOrientationLandscapeRight";
				INFOPLIST_KEY_UISupportedInterfaceOrientations_iPhone = "UIInterfaceOrientationPortrait UIInterfaceOrientationLandscapeLeft UIInterfaceOrientationLandscapeRight";
				LD_RUNPATH_SEARCH_PATHS = (
					"$(inherited)",
					"@executable_path/Frameworks",
				);
				MARKETING_VERSION = 1.0;
				PRODUCT_BUNDLE_IDENTIFIER = edu.asu.MainProject;
				PRODUCT_NAME = "$(TARGET_NAME)";
				SWIFT_EMIT_LOC_STRINGS = YES;
				SWIFT_VERSION = 5.0;
				TARGETED_DEVICE_FAMILY = "1,2";
			};
			name = Release;
		};
		FC6221652D9356CA005093BF /* Debug */ = {
			isa = XCBuildConfiguration;
			buildSettings = {
				BUNDLE_LOADER = "$(TEST_HOST)";
				CODE_SIGN_STYLE = Automatic;
				CURRENT_PROJECT_VERSION = 1;
				GENERATE_INFOPLIST_FILE = YES;
				IPHONEOS_DEPLOYMENT_TARGET = 18.2;
				MARKETING_VERSION = 1.0;
				PRODUCT_BUNDLE_IDENTIFIER = edu.asu.MainProjectTests;
				PRODUCT_NAME = "$(TARGET_NAME)";
				SWIFT_EMIT_LOC_STRINGS = NO;
				SWIFT_VERSION = 5.0;
				TARGETED_DEVICE_FAMILY = "1,2";
				TEST_HOST = "$(BUILT_PRODUCTS_DIR)/MainProject.app/$(BUNDLE_EXECUTABLE_FOLDER_PATH)/MainProject";
			};
			name = Debug;
		};
		FC6221662D9356CA005093BF /* Release */ = {
			isa = XCBuildConfiguration;
			buildSettings = {
				BUNDLE_LOADER = "$(TEST_HOST)";
				CODE_SIGN_STYLE = Automatic;
				CURRENT_PROJECT_VERSION = 1;
				GENERATE_INFOPLIST_FILE = YES;
				IPHONEOS_DEPLOYMENT_TARGET = 18.2;
				MARKETING_VERSION = 1.0;
				PRODUCT_BUNDLE_IDENTIFIER = edu.asu.MainProjectTests;
				PRODUCT_NAME = "$(TARGET_NAME)";
				SWIFT_EMIT_LOC_STRINGS = NO;
				SWIFT_VERSION = 5.0;
				TARGETED_DEVICE_FAMILY = "1,2";
				TEST_HOST = "$(BUILT_PRODUCTS_DIR)/MainProject.app/$(BUNDLE_EXECUTABLE_FOLDER_PATH)/MainProject";
			};
			name = Release;
		};
		FC6221682D9356CA005093BF /* Debug */ = {
			isa = XCBuildConfiguration;
			buildSettings = {
				CODE_SIGN_STYLE = Automatic;
				CURRENT_PROJECT_VERSION = 1;
				GENERATE_INFOPLIST_FILE = YES;
				MARKETING_VERSION = 1.0;
				PRODUCT_BUNDLE_IDENTIFIER = edu.asu.MainProjectUITests;
				PRODUCT_NAME = "$(TARGET_NAME)";
				SWIFT_EMIT_LOC_STRINGS = NO;
				SWIFT_VERSION = 5.0;
				TARGETED_DEVICE_FAMILY = "1,2";
				TEST_TARGET_NAME = MainProject;
			};
			name = Debug;
		};
		FC6221692D9356CA005093BF /* Release */ = {
			isa = XCBuildConfiguration;
			buildSettings = {
				CODE_SIGN_STYLE = Automatic;
				CURRENT_PROJECT_VERSION = 1;
				GENERATE_INFOPLIST_FILE = YES;
				MARKETING_VERSION = 1.0;
				PRODUCT_BUNDLE_IDENTIFIER = edu.asu.MainProjectUITests;
				PRODUCT_NAME = "$(TARGET_NAME)";
				SWIFT_EMIT_LOC_STRINGS = NO;
				SWIFT_VERSION = 5.0;
				TARGETED_DEVICE_FAMILY = "1,2";
				TEST_TARGET_NAME = MainProject;
			};
			name = Release;
		};
/* End XCBuildConfiguration section */

/* Begin XCConfigurationList section */
		FC6221382D9356C9005093BF /* Build configuration list for PBXProject "MainProject" */ = {
			isa = XCConfigurationList;
			buildConfigurations = (
				FC62215F2D9356CA005093BF /* Debug */,
				FC6221602D9356CA005093BF /* Release */,
			);
			defaultConfigurationIsVisible = 0;
			defaultConfigurationName = Release;
		};
		FC6221612D9356CA005093BF /* Build configuration list for PBXNativeTarget "MainProject" */ = {
			isa = XCConfigurationList;
			buildConfigurations = (
				FC6221622D9356CA005093BF /* Debug */,
				FC6221632D9356CA005093BF /* Release */,
			);
			defaultConfigurationIsVisible = 0;
			defaultConfigurationName = Release;
		};
		FC6221642D9356CA005093BF /* Build configuration list for PBXNativeTarget "MainProjectTests" */ = {
			isa = XCConfigurationList;
			buildConfigurations = (
				FC6221652D9356CA005093BF /* Debug */,
				FC6221662D9356CA005093BF /* Release */,
			);
			defaultConfigurationIsVisible = 0;
			defaultConfigurationName = Release;
		};
		FC6221672D9356CA005093BF /* Build configuration list for PBXNativeTarget "MainProjectUITests" */ = {
			isa = XCConfigurationList;
			buildConfigurations = (
				FC6221682D9356CA005093BF /* Debug */,
				FC6221692D9356CA005093BF /* Release */,
			);
			defaultConfigurationIsVisible = 0;
			defaultConfigurationName = Release;
		};
/* End XCConfigurationList section */

/* Begin XCRemoteSwiftPackageReference section */
		FCBAB2462D9741D1007FC275 /* XCRemoteSwiftPackageReference "clerk-ios" */ = {
			isa = XCRemoteSwiftPackageReference;
			repositoryURL = "https://github.com/clerk/clerk-ios";
			requirement = {
				kind = upToNextMajorVersion;
				minimumVersion = 0.53.0;
			};
		};
		FCBAB2672D974E76007FC275 /* XCRemoteSwiftPackageReference "firebase-ios-sdk" */ = {
			isa = XCRemoteSwiftPackageReference;
			repositoryURL = "https://github.com/firebase/firebase-ios-sdk";
			requirement = {
				kind = upToNextMajorVersion;
				minimumVersion = 11.10.0;
			};
		};
/* End XCRemoteSwiftPackageReference section */

/* Begin XCSwiftPackageProductDependency section */
		FCBAB24E2D97437E007FC275 /* Clerk */ = {
			isa = XCSwiftPackageProductDependency;
			package = FCBAB2462D9741D1007FC275 /* XCRemoteSwiftPackageReference "clerk-ios" */;
			productName = Clerk;
		};
		FCBAB2682D974EE9007FC275 /* FirebaseAnalytics */ = {
			isa = XCSwiftPackageProductDependency;
			package = FCBAB2672D974E76007FC275 /* XCRemoteSwiftPackageReference "firebase-ios-sdk" */;
			productName = FirebaseAnalytics;
		};
		FCBAB26A2D974EE9007FC275 /* FirebaseAnalyticsOnDeviceConversion */ = {
			isa = XCSwiftPackageProductDependency;
			package = FCBAB2672D974E76007FC275 /* XCRemoteSwiftPackageReference "firebase-ios-sdk" */;
			productName = FirebaseAnalyticsOnDeviceConversion;
		};
		FCBAB26C2D974EE9007FC275 /* FirebaseAnalyticsWithoutAdIdSupport */ = {
			isa = XCSwiftPackageProductDependency;
			package = FCBAB2672D974E76007FC275 /* XCRemoteSwiftPackageReference "firebase-ios-sdk" */;
			productName = FirebaseAnalyticsWithoutAdIdSupport;
		};
		FCBAB26E2D974EE9007FC275 /* FirebaseAppCheck */ = {
			isa = XCSwiftPackageProductDependency;
			package = FCBAB2672D974E76007FC275 /* XCRemoteSwiftPackageReference "firebase-ios-sdk" */;
			productName = FirebaseAppCheck;
		};
		FCBAB2702D974EE9007FC275 /* FirebaseAppDistribution-Beta */ = {
			isa = XCSwiftPackageProductDependency;
			package = FCBAB2672D974E76007FC275 /* XCRemoteSwiftPackageReference "firebase-ios-sdk" */;
			productName = "FirebaseAppDistribution-Beta";
		};
		FCBAB2722D974EE9007FC275 /* FirebaseAuth */ = {
			isa = XCSwiftPackageProductDependency;
			package = FCBAB2672D974E76007FC275 /* XCRemoteSwiftPackageReference "firebase-ios-sdk" */;
			productName = FirebaseAuth;
		};
		FCBAB2742D974EE9007FC275 /* FirebaseAuthCombine-Community */ = {
			isa = XCSwiftPackageProductDependency;
			package = FCBAB2672D974E76007FC275 /* XCRemoteSwiftPackageReference "firebase-ios-sdk" */;
			productName = "FirebaseAuthCombine-Community";
		};
		FCBAB2762D974EE9007FC275 /* FirebaseCore */ = {
			isa = XCSwiftPackageProductDependency;
			package = FCBAB2672D974E76007FC275 /* XCRemoteSwiftPackageReference "firebase-ios-sdk" */;
			productName = FirebaseCore;
		};
		FCBAB2782D974EE9007FC275 /* FirebaseCrashlytics */ = {
			isa = XCSwiftPackageProductDependency;
			package = FCBAB2672D974E76007FC275 /* XCRemoteSwiftPackageReference "firebase-ios-sdk" */;
			productName = FirebaseCrashlytics;
		};
		FCBAB27A2D974EE9007FC275 /* FirebaseDatabase */ = {
			isa = XCSwiftPackageProductDependency;
			package = FCBAB2672D974E76007FC275 /* XCRemoteSwiftPackageReference "firebase-ios-sdk" */;
			productName = FirebaseDatabase;
		};
		FCBAB27C2D974EE9007FC275 /* FirebaseDynamicLinks */ = {
			isa = XCSwiftPackageProductDependency;
			package = FCBAB2672D974E76007FC275 /* XCRemoteSwiftPackageReference "firebase-ios-sdk" */;
			productName = FirebaseDynamicLinks;
		};
		FCBAB27E2D974EE9007FC275 /* FirebaseFirestore */ = {
			isa = XCSwiftPackageProductDependency;
			package = FCBAB2672D974E76007FC275 /* XCRemoteSwiftPackageReference "firebase-ios-sdk" */;
			productName = FirebaseFirestore;
		};
		FCBAB2802D974EE9007FC275 /* FirebaseFirestoreCombine-Community */ = {
			isa = XCSwiftPackageProductDependency;
			package = FCBAB2672D974E76007FC275 /* XCRemoteSwiftPackageReference "firebase-ios-sdk" */;
			productName = "FirebaseFirestoreCombine-Community";
		};
		FCBAB2822D974EE9007FC275 /* FirebaseFunctions */ = {
			isa = XCSwiftPackageProductDependency;
			package = FCBAB2672D974E76007FC275 /* XCRemoteSwiftPackageReference "firebase-ios-sdk" */;
			productName = FirebaseFunctions;
		};
		FCBAB2842D974EE9007FC275 /* FirebaseFunctionsCombine-Community */ = {
			isa = XCSwiftPackageProductDependency;
			package = FCBAB2672D974E76007FC275 /* XCRemoteSwiftPackageReference "firebase-ios-sdk" */;
			productName = "FirebaseFunctionsCombine-Community";
		};
		FCBAB2862D974EE9007FC275 /* FirebaseInAppMessaging-Beta */ = {
			isa = XCSwiftPackageProductDependency;
			package = FCBAB2672D974E76007FC275 /* XCRemoteSwiftPackageReference "firebase-ios-sdk" */;
			productName = "FirebaseInAppMessaging-Beta";
		};
		FCBAB2882D974EE9007FC275 /* FirebaseInstallations */ = {
			isa = XCSwiftPackageProductDependency;
			package = FCBAB2672D974E76007FC275 /* XCRemoteSwiftPackageReference "firebase-ios-sdk" */;
			productName = FirebaseInstallations;
		};
		FCBAB28A2D974EE9007FC275 /* FirebaseMLModelDownloader */ = {
			isa = XCSwiftPackageProductDependency;
			package = FCBAB2672D974E76007FC275 /* XCRemoteSwiftPackageReference "firebase-ios-sdk" */;
			productName = FirebaseMLModelDownloader;
		};
		FCBAB28C2D974EE9007FC275 /* FirebaseMessaging */ = {
			isa = XCSwiftPackageProductDependency;
			package = FCBAB2672D974E76007FC275 /* XCRemoteSwiftPackageReference "firebase-ios-sdk" */;
			productName = FirebaseMessaging;
		};
		FCBAB28E2D974EE9007FC275 /* FirebasePerformance */ = {
			isa = XCSwiftPackageProductDependency;
			package = FCBAB2672D974E76007FC275 /* XCRemoteSwiftPackageReference "firebase-ios-sdk" */;
			productName = FirebasePerformance;
		};
		FCBAB2902D974EE9007FC275 /* FirebaseRemoteConfig */ = {
			isa = XCSwiftPackageProductDependency;
			package = FCBAB2672D974E76007FC275 /* XCRemoteSwiftPackageReference "firebase-ios-sdk" */;
			productName = FirebaseRemoteConfig;
		};
		FCBAB2922D974EE9007FC275 /* FirebaseStorage */ = {
			isa = XCSwiftPackageProductDependency;
			package = FCBAB2672D974E76007FC275 /* XCRemoteSwiftPackageReference "firebase-ios-sdk" */;
			productName = FirebaseStorage;
		};
		FCBAB2942D974EE9007FC275 /* FirebaseStorageCombine-Community */ = {
			isa = XCSwiftPackageProductDependency;
			package = FCBAB2672D974E76007FC275 /* XCRemoteSwiftPackageReference "firebase-ios-sdk" */;
			productName = "FirebaseStorageCombine-Community";
		};
		FCBAB2962D974EE9007FC275 /* FirebaseVertexAI */ = {
			isa = XCSwiftPackageProductDependency;
			package = FCBAB2672D974E76007FC275 /* XCRemoteSwiftPackageReference "firebase-ios-sdk" */;
			productName = FirebaseVertexAI;
		};
/* End XCSwiftPackageProductDependency section */
	};
	rootObject = FC6221352D9356C9005093BF /* Project object */;
}
